dependencies:
- name: jupyterhub
  repository: https://jupyterhub.github.io/helm-chart/
  version: 2.0.0
- name: network
  repository: file://charts/ingress-control
  version: 1.0.0
digest: sha256:925788838e59b587802df25a66b10e3151d6099cd69bb4d8337f3c798047509b
generated: "2023-06-16T11:18:13.280666-04:00"
